PODS:
  - Masonry (1.1.0)
  - SDWebImage (5.13.3):
    - SDWebImage/Core (= 5.13.3)
  - SDWebImage/Core (5.13.3)
  - TCCycleScrollView (0.1.0):
    - Masonry
    - SDWebImage

DEPENDENCIES:
  - TCCycleScrollView (from `../`)

SPEC REPOS:
  trunk:
    - Masonry
    - SDWebImage

EXTERNAL SOURCES:
  TCCycleScrollView:
    :path: "../"

SPEC CHECKSUMS:
  Masonry: 678fab65091a9290e40e2832a55e7ab731aad201
  SDWebImage: af5bbffef2cde09f148d826f9733dcde1a9414cd
  TCCycleScrollView: 4fd2dd22f4efc2015f8f016c0df6ced969258564

PODFILE CHECKSUM: 8cdd9a8ddb03e41c04e289bb4a99db1a91bf491e

COCOAPODS: 1.11.3
